
Microsoft Visual Studio Solution File, Format Version 12.00
# Visual Studio Version 16
VisualStudioVersion = 16.0.29613.14
MinimumVisualStudioVersion = 10.0.40219.1
Project("{FAE04EC0-301F-11D3-BF4B-00C04F79EFBC}") = "ModelLibrary", "ModelLibrary.csproj", "{48DEF77D-F27F-423F-94E4-18CC841CCE81}"
EndProject
Global
	GlobalSection(SolutionConfigurationPlatforms) = preSolution
		Debug|Any CPU = Debug|Any CPU
		Release|Any CPU = Release|Any CPU
	EndGlobalSection
	GlobalSection(ProjectConfigurationPlatforms) = postSolution
		{48DEF77D-F27F-423F-94E4-18CC841CCE81}.Debug|Any CPU.ActiveCfg = Debug|Any CPU
		{48DEF77D-F27F-423F-94E4-18CC841CCE81}.Debug|Any CPU.Build.0 = Debug|Any CPU
		{48DEF77D-F27F-423F-94E4-18CC841CCE81}.Release|Any CPU.ActiveCfg = Release|Any CPU
		{48DEF77D-F27F-423F-94E4-18CC841CCE81}.Release|Any CPU.Build.0 = Release|Any CPU
	EndGlobalSection
	GlobalSection(SolutionProperties) = preSolution
		HideSolutionNode = FALSE
	EndGlobalSection
	GlobalSection(ExtensibilityGlobals) = postSolution
		SolutionGuid = {52361E27-E062-4595-ABE6-D47E8A29530B}
	EndGlobalSection
EndGlobal
